{
  "pins" : [
    {
      "identity" : "digiconf",
      "kind" : "remoteSourceControl",
      "location" : "http://github.com/oliveware/Digiconf",
      "state" : {
        "branch" : "main",
        "revision" : "75d72097a109667f0e2d2cbd8eb2cf49c0b97329"
      }
    },
    {
      "identity" : "hexaglyphes",
      "kind" : "remoteSourceControl",
      "location" : "http://github.com/oliveware/Hexaglyphes",
      "state" : {
        "branch" : "main",
        "revision" : "389e2ce70b7d17a3b7766f7dbe8e1ddc6ff974d4"
      }
    }
  ],
  "version" : 2
}
