{
  "pins" : [
    {
      "identity" : "digiconf",
      "kind" : "remoteSourceControl",
      "location" : "http://github.com/oliveware/Digiconf",
      "state" : {
        "branch" : "main",
        "revision" : "2397829fd27c6177079d15b001fd1399d25babf3"
      }
    },
    {
      "identity" : "hexaglyphes",
      "kind" : "remoteSourceControl",
      "location" : "http://github.com/oliveware/Hexaglyphes",
      "state" : {
        "branch" : "main",
        "revision" : "498da5ddb877be4b9bec7ef74a8ec083a2ed5da9"
      }
    }
  ],
  "version" : 2
}
