{
  "pins" : [
    {
      "identity" : "digiconf",
      "kind" : "remoteSourceControl",
      "location" : "http://github.com/oliveware/Digiconf",
      "state" : {
        "branch" : "main",
        "revision" : "752a908d9b22d137fb8ad9494d7a8c2b73496cd9"
      }
    },
    {
      "identity" : "hexaglyphes",
      "kind" : "remoteSourceControl",
      "location" : "http://github.com/oliveware/Hexaglyphes",
      "state" : {
        "branch" : "main",
        "revision" : "00eb1aae55fc847cce71533c1d177bbe19e2f19a"
      }
    }
  ],
  "version" : 2
}
